// !$*UTF8*$!
{
	archiveVersion = 1;
	classes = {
	};
	objectVersion = 50;
	objects = {

/* Begin PBXBuildFile section */
		9FDA22D026493F440065CE37 /* Assets.xcassets in Resources */ = {isa = PBXBuildFile; fileRef = 9FDA22CF26493F440065CE37 /* Assets.xcassets */; };
		9FDA22D326493F440065CE37 /* Main.storyboard in Resources */ = {isa = PBXBuildFile; fileRef = 9FDA22D126493F440065CE37 /* Main.storyboard */; };
		9FDA22D626493F440065CE37 /* main.m in Sources */ = {isa = PBXBuildFile; fileRef = 9FDA22D526493F440065CE37 /* main.m */; };
		9FDA22E126493F440065CE37 /* keychaincrackerTests.m in Sources */ = {isa = PBXBuildFile; fileRef = 9FDA22E026493F440065CE37 /* keychaincrackerTests.m */; };
		9FDA22EC26493F440065CE37 /* keychaincrackerUITests.m in Sources */ = {isa = PBXBuildFile; fileRef = 9FDA22EB26493F440065CE37 /* keychaincrackerUITests.m */; };
		9FDA22FC264940AE0065CE37 /* AboutWindowController.m in Sources */ = {isa = PBXBuildFile; fileRef = 9FDA22FB264940AE0065CE37 /* AboutWindowController.m */; };
		9FDA22FF264941510065CE37 /* ApplicationDelegate.m in Sources */ = {isa = PBXBuildFile; fileRef = 9FDA22FE264941510065CE37 /* ApplicationDelegate.m */; };
		9FDA2302264941F20065CE37 /* MainWindowController.m in Sources */ = {isa = PBXBuildFile; fileRef = 9FDA2301264941F20065CE37 /* MainWindowController.m */; };
		9FDA23052649421A0065CE37 /* NSString+KeychainCracker.m in Sources */ = {isa = PBXBuildFile; fileRef = 9FDA23042649421A0065CE37 /* NSString+KeychainCracker.m */; };
		9FDA2309264942D30065CE37 /* ConcreteKeychainCracker.m in Sources */ = {isa = PBXBuildFile; fileRef = 9FDA2308264942D30065CE37 /* ConcreteKeychainCracker.m */; };
		9FDA230E2649440F0065CE37 /* GenericKeychainCracker.m in Sources */ = {isa = PBXBuildFile; fileRef = 9FDA230D2649440F0065CE37 /* GenericKeychainCracker.m */; };
		9FDA2311264944560065CE37 /* KeychainCracker.cpp in Sources */ = {isa = PBXBuildFile; fileRef = 9FDA230F264944560065CE37 /* KeychainCracker.cpp */; };
/* End PBXBuildFile section */

/* Begin PBXContainerItemProxy section */
		9FDA22DD26493F440065CE37 /* PBXContainerItemProxy */ = {
			isa = PBXContainerItemProxy;
			containerPortal = 9FDA22BE26493F420065CE37 /* Project object */;
			proxyType = 1;
			remoteGlobalIDString = 9FDA22C526493F420065CE37;
			remoteInfo = keychaincracker;
		};
		9FDA22E826493F440065CE37 /* PBXContainerItemProxy */ = {
			isa = PBXContainerItemProxy;
			containerPortal = 9FDA22BE26493F420065CE37 /* Project object */;
			proxyType = 1;
			remoteGlobalIDString = 9FDA22C526493F420065CE37;
			remoteInfo = keychaincracker;
		};
/* End PBXContainerItemProxy section */

/* Begin PBXFileReference section */
		9FDA22C626493F420065CE37 /* keychaincracker.app */ = {isa = PBXFileReference; explicitFileType = wrapper.application; includeInIndex = 0; path = keychaincracker.app; sourceTree = BUILT_PRODUCTS_DIR; };
		9FDA22CF26493F440065CE37 /* Assets.xcassets */ = {isa = PBXFileReference; lastKnownFileType = folder.assetcatalog; path = Assets.xcassets; sourceTree = "<group>"; };
		9FDA22D226493F440065CE37 /* Base */ = {isa = PBXFileReference; lastKnownFileType = file.storyboard; name = Base; path = Base.lproj/Main.storyboard; sourceTree = "<group>"; };
		9FDA22D426493F440065CE37 /* Info.plist */ = {isa = PBXFileReference; lastKnownFileType = text.plist.xml; path = Info.plist; sourceTree = "<group>"; };
		9FDA22D526493F440065CE37 /* main.m */ = {isa = PBXFileReference; lastKnownFileType = sourcecode.c.objc; path = main.m; sourceTree = "<group>"; };
		9FDA22D726493F440065CE37 /* keychaincracker.entitlements */ = {isa = PBXFileReference; lastKnownFileType = text.plist.entitlements; path = keychaincracker.entitlements; sourceTree = "<group>"; };
		9FDA22DC26493F440065CE37 /* keychaincrackerTests.xctest */ = {isa = PBXFileReference; explicitFileType = wrapper.cfbundle; includeInIndex = 0; path = keychaincrackerTests.xctest; sourceTree = BUILT_PRODUCTS_DIR; };
		9FDA22E026493F440065CE37 /* keychaincrackerTests.m */ = {isa = PBXFileReference; lastKnownFileType = sourcecode.c.objc; path = keychaincrackerTests.m; sourceTree = "<group>"; };
		9FDA22E226493F440065CE37 /* Info.plist */ = {isa = PBXFileReference; lastKnownFileType = text.plist.xml; path = Info.plist; sourceTree = "<group>"; };
		9FDA22E726493F440065CE37 /* keychaincrackerUITests.xctest */ = {isa = PBXFileReference; explicitFileType = wrapper.cfbundle; includeInIndex = 0; path = keychaincrackerUITests.xctest; sourceTree = BUILT_PRODUCTS_DIR; };
		9FDA22EB26493F440065CE37 /* keychaincrackerUITests.m */ = {isa = PBXFileReference; lastKnownFileType = sourcecode.c.objc; path = keychaincrackerUITests.m; sourceTree = "<group>"; };
		9FDA22ED26493F440065CE37 /* Info.plist */ = {isa = PBXFileReference; lastKnownFileType = text.plist.xml; path = Info.plist; sourceTree = "<group>"; };
		9FDA22FA2649405E0065CE37 /* AboutWindowController.h */ = {isa = PBXFileReference; lastKnownFileType = sourcecode.c.h; path = AboutWindowController.h; sourceTree = "<group>"; };
		9FDA22FB264940AE0065CE37 /* AboutWindowController.m */ = {isa = PBXFileReference; lastKnownFileType = sourcecode.c.objc; path = AboutWindowController.m; sourceTree = "<group>"; };
		9FDA22FD264941420065CE37 /* ApplicationDelegate.h */ = {isa = PBXFileReference; lastKnownFileType = sourcecode.c.h; path = ApplicationDelegate.h; sourceTree = "<group>"; };
		9FDA22FE264941510065CE37 /* ApplicationDelegate.m */ = {isa = PBXFileReference; lastKnownFileType = sourcecode.c.objc; path = ApplicationDelegate.m; sourceTree = "<group>"; };
		9FDA2300264941E10065CE37 /* MainWindowController.h */ = {isa = PBXFileReference; lastKnownFileType = sourcecode.c.h; path = MainWindowController.h; sourceTree = "<group>"; };
		9FDA2301264941F20065CE37 /* MainWindowController.m */ = {isa = PBXFileReference; lastKnownFileType = sourcecode.c.objc; path = MainWindowController.m; sourceTree = "<group>"; };
		9FDA23032649420A0065CE37 /* NSString+KeychainCracker.h */ = {isa = PBXFileReference; lastKnownFileType = sourcecode.c.h; path = "NSString+KeychainCracker.h"; sourceTree = "<group>"; };
		9FDA23042649421A0065CE37 /* NSString+KeychainCracker.m */ = {isa = PBXFileReference; lastKnownFileType = sourcecode.c.objc; path = "NSString+KeychainCracker.m"; sourceTree = "<group>"; };
		9FDA2307264942C40065CE37 /* ConcreteKeychainCracker.h */ = {isa = PBXFileReference; lastKnownFileType = sourcecode.c.h; path = ConcreteKeychainCracker.h; sourceTree = "<group>"; };
		9FDA2308264942D30065CE37 /* ConcreteKeychainCracker.m */ = {isa = PBXFileReference; lastKnownFileType = sourcecode.c.objc; path = ConcreteKeychainCracker.m; sourceTree = "<group>"; };
		9FDA230A2649436B0065CE37 /* GenericKeychainCracker.h */ = {isa = PBXFileReference; lastKnownFileType = sourcecode.c.h; path = GenericKeychainCracker.h; sourceTree = "<group>"; };
		9FDA230D2649440F0065CE37 /* GenericKeychainCracker.m */ = {isa = PBXFileReference; lastKnownFileType = sourcecode.c.objc; path = GenericKeychainCracker.m; sourceTree = "<group>"; };
		9FDA230F264944560065CE37 /* KeychainCracker.cpp */ = {isa = PBXFileReference; lastKnownFileType = sourcecode.cpp.cpp; path = KeychainCracker.cpp; sourceTree = "<group>"; };
		9FDA2310264944560065CE37 /* KeychainCracker.hpp */ = {isa = PBXFileReference; lastKnownFileType = sourcecode.cpp.h; path = KeychainCracker.hpp; sourceTree = "<group>"; };
		9FDA2312264944630065CE37 /* KeychainCracker.h */ = {isa = PBXFileReference; lastKnownFileType = sourcecode.c.h; path = KeychainCracker.h; sourceTree = "<group>"; };
/* End PBXFileReference section */

/* Begin PBXFrameworksBuildPhase section */
		9FDA22C326493F420065CE37 /* Frameworks */ = {
			isa = PBXFrameworksBuildPhase;
			buildActionMask = 2147483647;
			files = (
			);
			runOnlyForDeploymentPostprocessing = 0;
		};
		9FDA22D926493F440065CE37 /* Frameworks */ = {
			isa = PBXFrameworksBuildPhase;
			buildActionMask = 2147483647;
			files = (
			);
			runOnlyForDeploymentPostprocessing = 0;
		};
		9FDA22E426493F440065CE37 /* Frameworks */ = {
			isa = PBXFrameworksBuildPhase;
			buildActionMask = 2147483647;
			files = (
			);
			runOnlyForDeploymentPostprocessing = 0;
		};
/* End PBXFrameworksBuildPhase section */

/* Begin PBXGroup section */
		9FDA22BD26493F420065CE37 = {
			isa = PBXGroup;
			children = (
				9FDA22C826493F420065CE37 /* keychaincracker */,
				9FDA22DF26493F440065CE37 /* keychaincrackerTests */,
				9FDA22EA26493F440065CE37 /* keychaincrackerUITests */,
				9FDA22C726493F420065CE37 /* Products */,
			);
			sourceTree = "<group>";
		};
		9FDA22C726493F420065CE37 /* Products */ = {
			isa = PBXGroup;
			children = (
				9FDA22C626493F420065CE37 /* keychaincracker.app */,
				9FDA22DC26493F440065CE37 /* keychaincrackerTests.xctest */,
				9FDA22E726493F440065CE37 /* keychaincrackerUITests.xctest */,
			);
			name = Products;
			sourceTree = "<group>";
		};
		9FDA22C826493F420065CE37 /* keychaincracker */ = {
			isa = PBXGroup;
			children = (
				9FDA2314264944D60065CE37 /* Resources */,
				9FDA2313264944CF0065CE37 /* Interface */,
				9FDA22F9264940460065CE37 /* Classes */,
				9FDA22CF26493F440065CE37 /* Assets.xcassets */,
				9FDA22D126493F440065CE37 /* Main.storyboard */,
				9FDA22D426493F440065CE37 /* Info.plist */,
				9FDA22D526493F440065CE37 /* main.m */,
				9FDA22D726493F440065CE37 /* keychaincracker.entitlements */,
			);
			path = keychaincracker;
			sourceTree = "<group>";
		};
		9FDA22DF26493F440065CE37 /* keychaincrackerTests */ = {
			isa = PBXGroup;
			children = (
				9FDA22E026493F440065CE37 /* keychaincrackerTests.m */,
				9FDA22E226493F440065CE37 /* Info.plist */,
			);
			path = keychaincrackerTests;
			sourceTree = "<group>";
		};
		9FDA22EA26493F440065CE37 /* keychaincrackerUITests */ = {
			isa = PBXGroup;
			children = (
				9FDA22EB26493F440065CE37 /* keychaincrackerUITests.m */,
				9FDA22ED26493F440065CE37 /* Info.plist */,
			);
			path = keychaincrackerUITests;
			sourceTree = "<group>";
		};
		9FDA22F9264940460065CE37 /* Classes */ = {
			isa = PBXGroup;
			children = (
				9FDA23062649429E0065CE37 /* Crackers */,
				9FDA22FA2649405E0065CE37 /* AboutWindowController.h */,
				9FDA22FB264940AE0065CE37 /* AboutWindowController.m */,
				9FDA22FD264941420065CE37 /* ApplicationDelegate.h */,
				9FDA22FE264941510065CE37 /* ApplicationDelegate.m */,
				9FDA2300264941E10065CE37 /* MainWindowController.h */,
				9FDA2301264941F20065CE37 /* MainWindowController.m */,
				9FDA23032649420A0065CE37 /* NSString+KeychainCracker.h */,
				9FDA23042649421A0065CE37 /* NSString+KeychainCracker.m */,
			);
			path = Classes;
			sourceTree = "<group>";
		};
		9FDA23062649429E0065CE37 /* Crackers */ = {
			isa = PBXGroup;
			children = (
				9FDA2307264942C40065CE37 /* ConcreteKeychainCracker.h */,
				9FDA2308264942D30065CE37 /* ConcreteKeychainCracker.m */,
				9FDA230A2649436B0065CE37 /* GenericKeychainCracker.h */,
				9FDA230D2649440F0065CE37 /* GenericKeychainCracker.m */,
				9FDA230F264944560065CE37 /* KeychainCracker.cpp */,
				9FDA2310264944560065CE37 /* KeychainCracker.hpp */,
				9FDA2312264944630065CE37 /* KeychainCracker.h */,
			);
			path = Crackers;
			sourceTree = "<group>";
		};
		9FDA2313264944CF0065CE37 /* Interface */ = {
			isa = PBXGroup;
			children = (
			);
			path = Interface;
			sourceTree = "<group>";
		};
		9FDA2314264944D60065CE37 /* Resources */ = {
			isa = PBXGroup;
			children = (
			);
			path = Resources;
			sourceTree = "<group>";
		};
/* End PBXGroup section */

/* Begin PBXNativeTarget section */
		9FDA22C526493F420065CE37 /* keychaincracker */ = {
			isa = PBXNativeTarget;
			buildConfigurationList = 9FDA22F026493F440065CE37 /* Build configuration list for PBXNativeTarget "keychaincracker" */;
			buildPhases = (
				9FDA22C226493F420065CE37 /* Sources */,
				9FDA22C326493F420065CE37 /* Frameworks */,
				9FDA22C426493F420065CE37 /* Resources */,
			);
			buildRules = (
			);
			dependencies = (
			);
			name = keychaincracker;
			productName = keychaincracker;
			productReference = 9FDA22C626493F420065CE37 /* keychaincracker.app */;
			productType = "com.apple.product-type.application";
		};
		9FDA22DB26493F440065CE37 /* keychaincrackerTests */ = {
			isa = PBXNativeTarget;
			buildConfigurationList = 9FDA22F326493F440065CE37 /* Build configuration list for PBXNativeTarget "keychaincrackerTests" */;
			buildPhases = (
				9FDA22D826493F440065CE37 /* Sources */,
				9FDA22D926493F440065CE37 /* Frameworks */,
				9FDA22DA26493F440065CE37 /* Resources */,
			);
			buildRules = (
			);
			dependencies = (
				9FDA22DE26493F440065CE37 /* PBXTargetDependency */,
			);
			name = keychaincrackerTests;
			productName = keychaincrackerTests;
			productReference = 9FDA22DC26493F440065CE37 /* keychaincrackerTests.xctest */;
			productType = "com.apple.product-type.bundle.unit-test";
		};
		9FDA22E626493F440065CE37 /* keychaincrackerUITests */ = {
			isa = PBXNativeTarget;
			buildConfigurationList = 9FDA22F626493F440065CE37 /* Build configuration list for PBXNativeTarget "keychaincrackerUITests" */;
			buildPhases = (
				9FDA22E326493F440065CE37 /* Sources */,
				9FDA22E426493F440065CE37 /* Frameworks */,
				9FDA22E526493F440065CE37 /* Resources */,
			);
			buildRules = (
			);
			dependencies = (
				9FDA22E926493F440065CE37 /* PBXTargetDependency */,
			);
			name = keychaincrackerUITests;
			productName = keychaincrackerUITests;
			productReference = 9FDA22E726493F440065CE37 /* keychaincrackerUITests.xctest */;
			productType = "com.apple.product-type.bundle.ui-testing";
		};
/* End PBXNativeTarget section */

/* Begin PBXProject section */
		9FDA22BE26493F420065CE37 /* Project object */ = {
			isa = PBXProject;
			attributes = {
				LastUpgradeCheck = 1010;
				ORGANIZATIONNAME = "Krisna Pranav";
				TargetAttributes = {
					9FDA22C526493F420065CE37 = {
						CreatedOnToolsVersion = 10.1;
					};
					9FDA22DB26493F440065CE37 = {
						CreatedOnToolsVersion = 10.1;
						TestTargetID = 9FDA22C526493F420065CE37;
					};
					9FDA22E626493F440065CE37 = {
						CreatedOnToolsVersion = 10.1;
						TestTargetID = 9FDA22C526493F420065CE37;
					};
				};
			};
			buildConfigurationList = 9FDA22C126493F420065CE37 /* Build configuration list for PBXProject "keychaincracker" */;
			compatibilityVersion = "Xcode 9.3";
			developmentRegion = en;
			hasScannedForEncodings = 0;
			knownRegions = (
				en,
				Base,
			);
			mainGroup = 9FDA22BD26493F420065CE37;
			productRefGroup = 9FDA22C726493F420065CE37 /* Products */;
			projectDirPath = "";
			projectRoot = "";
			targets = (
				9FDA22C526493F420065CE37 /* keychaincracker */,
				9FDA22DB26493F440065CE37 /* keychaincrackerTests */,
				9FDA22E626493F440065CE37 /* keychaincrackerUITests */,
			);
		};
/* End PBXProject section */

/* Begin PBXResourcesBuildPhase section */
		9FDA22C426493F420065CE37 /* Resources */ = {
			isa = PBXResourcesBuildPhase;
			buildActionMask = 2147483647;
			files = (
				9FDA22D026493F440065CE37 /* Assets.xcassets in Resources */,
				9FDA22D326493F440065CE37 /* Main.storyboard in Resources */,
			);
			runOnlyForDeploymentPostprocessing = 0;
		};
		9FDA22DA26493F440065CE37 /* Resources */ = {
			isa = PBXResourcesBuildPhase;
			buildActionMask = 2147483647;
			files = (
			);
			runOnlyForDeploymentPostprocessing = 0;
		};
		9FDA22E526493F440065CE37 /* Resources */ = {
			isa = PBXResourcesBuildPhase;
			buildActionMask = 2147483647;
			files = (
			);
			runOnlyForDeploymentPostprocessing = 0;
		};
/* End PBXResourcesBuildPhase section */

/* Begin PBXSourcesBuildPhase section */
		9FDA22C226493F420065CE37 /* Sources */ = {
			isa = PBXSourcesBuildPhase;
			buildActionMask = 2147483647;
			files = (
				9FDA2309264942D30065CE37 /* ConcreteKeychainCracker.m in Sources */,
				9FDA22D626493F440065CE37 /* main.m in Sources */,
				9FDA22FC264940AE0065CE37 /* AboutWindowController.m in Sources */,
				9FDA2311264944560065CE37 /* KeychainCracker.cpp in Sources */,
				9FDA23052649421A0065CE37 /* NSString+KeychainCracker.m in Sources */,
				9FDA230E2649440F0065CE37 /* GenericKeychainCracker.m in Sources */,
				9FDA2302264941F20065CE37 /* MainWindowController.m in Sources */,
				9FDA22FF264941510065CE37 /* ApplicationDelegate.m in Sources */,
			);
			runOnlyForDeploymentPostprocessing = 0;
		};
		9FDA22D826493F440065CE37 /* Sources */ = {
			isa = PBXSourcesBuildPhase;
			buildActionMask = 2147483647;
			files = (
				9FDA22E126493F440065CE37 /* keychaincrackerTests.m in Sources */,
			);
			runOnlyForDeploymentPostprocessing = 0;
		};
		9FDA22E326493F440065CE37 /* Sources */ = {
			isa = PBXSourcesBuildPhase;
			buildActionMask = 2147483647;
			files = (
				9FDA22EC26493F440065CE37 /* keychaincrackerUITests.m in Sources */,
			);
			runOnlyForDeploymentPostprocessing = 0;
		};
/* End PBXSourcesBuildPhase section */

/* Begin PBXTargetDependency section */
		9FDA22DE26493F440065CE37 /* PBXTargetDependency */ = {
			isa = PBXTargetDependency;
			target = 9FDA22C526493F420065CE37 /* keychaincracker */;
			targetProxy = 9FDA22DD26493F440065CE37 /* PBXContainerItemProxy */;
		};
		9FDA22E926493F440065CE37 /* PBXTargetDependency */ = {
			isa = PBXTargetDependency;
			target = 9FDA22C526493F420065CE37 /* keychaincracker */;
			targetProxy = 9FDA22E826493F440065CE37 /* PBXContainerItemProxy */;
		};
/* End PBXTargetDependency section */

/* Begin PBXVariantGroup section */
		9FDA22D126493F440065CE37 /* Main.storyboard */ = {
			isa = PBXVariantGroup;
			children = (
				9FDA22D226493F440065CE37 /* Base */,
			);
			name = Main.storyboard;
			sourceTree = "<group>";
		};
/* End PBXVariantGroup section */

/* Begin XCBuildConfiguration section */
		9FDA22EE26493F440065CE37 /* Debug */ = {
			isa = XCBuildConfiguration;
			buildSettings = {
				ALWAYS_SEARCH_USER_PATHS = NO;
				CLANG_ANALYZER_NONNULL = YES;
				CLANG_ANALYZER_NUMBER_OBJECT_CONVERSION = YES_AGGRESSIVE;
				CLANG_CXX_LANGUAGE_STANDARD = "gnu++14";
				CLANG_CXX_LIBRARY = "libc++";
				CLANG_ENABLE_MODULES = YES;
				CLANG_ENABLE_OBJC_ARC = YES;
				CLANG_ENABLE_OBJC_WEAK = YES;
				CLANG_WARN_BLOCK_CAPTURE_AUTORELEASING = YES;
				CLANG_WARN_BOOL_CONVERSION = YES;
				CLANG_WARN_COMMA = YES;
				CLANG_WARN_CONSTANT_CONVERSION = YES;
				CLANG_WARN_DEPRECATED_OBJC_IMPLEMENTATIONS = YES;
				CLANG_WARN_DIRECT_OBJC_ISA_USAGE = YES_ERROR;
				CLANG_WARN_DOCUMENTATION_COMMENTS = YES;
				CLANG_WARN_EMPTY_BODY = YES;
				CLANG_WARN_ENUM_CONVERSION = YES;
				CLANG_WARN_INFINITE_RECURSION = YES;
				CLANG_WARN_INT_CONVERSION = YES;
				CLANG_WARN_NON_LITERAL_NULL_CONVERSION = YES;
				CLANG_WARN_OBJC_IMPLICIT_RETAIN_SELF = YES;
				CLANG_WARN_OBJC_LITERAL_CONVERSION = YES;
				CLANG_WARN_OBJC_ROOT_CLASS = YES_ERROR;
				CLANG_WARN_RANGE_LOOP_ANALYSIS = YES;
				CLANG_WARN_STRICT_PROTOTYPES = YES;
				CLANG_WARN_SUSPICIOUS_MOVE = YES;
				CLANG_WARN_UNGUARDED_AVAILABILITY = YES_AGGRESSIVE;
				CLANG_WARN_UNREACHABLE_CODE = YES;
				CLANG_WARN__DUPLICATE_METHOD_MATCH = YES;
				CODE_SIGN_IDENTITY = "-";
				COPY_PHASE_STRIP = NO;
				DEBUG_INFORMATION_FORMAT = dwarf;
				ENABLE_STRICT_OBJC_MSGSEND = YES;
				ENABLE_TESTABILITY = YES;
				GCC_C_LANGUAGE_STANDARD = gnu11;
				GCC_DYNAMIC_NO_PIC = NO;
				GCC_NO_COMMON_BLOCKS = YES;
				GCC_OPTIMIZATION_LEVEL = 0;
				GCC_PREPROCESSOR_DEFINITIONS = (
					"DEBUG=1",
					"$(inherited)",
				);
				GCC_WARN_64_TO_32_BIT_CONVERSION = YES;
				GCC_WARN_ABOUT_RETURN_TYPE = YES_ERROR;
				GCC_WARN_UNDECLARED_SELECTOR = YES;
				GCC_WARN_UNINITIALIZED_AUTOS = YES_AGGRESSIVE;
				GCC_WARN_UNUSED_FUNCTION = YES;
				GCC_WARN_UNUSED_VARIABLE = YES;
				MACOSX_DEPLOYMENT_TARGET = 10.13;
				MTL_ENABLE_DEBUG_INFO = INCLUDE_SOURCE;
				MTL_FAST_MATH = YES;
				ONLY_ACTIVE_ARCH = YES;
				SDKROOT = macosx;
			};
			name = Debug;
		};
		9FDA22EF26493F440065CE37 /* Release */ = {
			isa = XCBuildConfiguration;
			buildSettings = {
				ALWAYS_SEARCH_USER_PATHS = NO;
				CLANG_ANALYZER_NONNULL = YES;
				CLANG_ANALYZER_NUMBER_OBJECT_CONVERSION = YES_AGGRESSIVE;
				CLANG_CXX_LANGUAGE_STANDARD = "gnu++14";
				CLANG_CXX_LIBRARY = "libc++";
				CLANG_ENABLE_MODULES = YES;
				CLANG_ENABLE_OBJC_ARC = YES;
				CLANG_ENABLE_OBJC_WEAK = YES;
				CLANG_WARN_BLOCK_CAPTURE_AUTORELEASING = YES;
				CLANG_WARN_BOOL_CONVERSION = YES;
				CLANG_WARN_COMMA = YES;
				CLANG_WARN_CONSTANT_CONVERSION = YES;
				CLANG_WARN_DEPRECATED_OBJC_IMPLEMENTATIONS = YES;
				CLANG_WARN_DIRECT_OBJC_ISA_USAGE = YES_ERROR;
				CLANG_WARN_DOCUMENTATION_COMMENTS = YES;
				CLANG_WARN_EMPTY_BODY = YES;
				CLANG_WARN_ENUM_CONVERSION = YES;
				CLANG_WARN_INFINITE_RECURSION = YES;
				CLANG_WARN_INT_CONVERSION = YES;
				CLANG_WARN_NON_LITERAL_NULL_CONVERSION = YES;
				CLANG_WARN_OBJC_IMPLICIT_RETAIN_SELF = YES;
				CLANG_WARN_OBJC_LITERAL_CONVERSION = YES;
				CLANG_WARN_OBJC_ROOT_CLASS = YES_ERROR;
				CLANG_WARN_RANGE_LOOP_ANALYSIS = YES;
				CLANG_WARN_STRICT_PROTOTYPES = YES;
				CLANG_WARN_SUSPICIOUS_MOVE = YES;
				CLANG_WARN_UNGUARDED_AVAILABILITY = YES_AGGRESSIVE;
				CLANG_WARN_UNREACHABLE_CODE = YES;
				CLANG_WARN__DUPLICATE_METHOD_MATCH = YES;
				CODE_SIGN_IDENTITY = "-";
				COPY_PHASE_STRIP = NO;
				DEBUG_INFORMATION_FORMAT = "dwarf-with-dsym";
				ENABLE_NS_ASSERTIONS = NO;
				ENABLE_STRICT_OBJC_MSGSEND = YES;
				GCC_C_LANGUAGE_STANDARD = gnu11;
				GCC_NO_COMMON_BLOCKS = YES;
				GCC_WARN_64_TO_32_BIT_CONVERSION = YES;
				GCC_WARN_ABOUT_RETURN_TYPE = YES_ERROR;
				GCC_WARN_UNDECLARED_SELECTOR = YES;
				GCC_WARN_UNINITIALIZED_AUTOS = YES_AGGRESSIVE;
				GCC_WARN_UNUSED_FUNCTION = YES;
				GCC_WARN_UNUSED_VARIABLE = YES;
				MACOSX_DEPLOYMENT_TARGET = 10.13;
				MTL_ENABLE_DEBUG_INFO = NO;
				MTL_FAST_MATH = YES;
				SDKROOT = macosx;
			};
			name = Release;
		};
		9FDA22F126493F440065CE37 /* Debug */ = {
			isa = XCBuildConfiguration;
			buildSettings = {
				ASSETCATALOG_COMPILER_APPICON_NAME = AppIcon;
				CODE_SIGN_ENTITLEMENTS = keychaincracker/keychaincracker.entitlements;
				CODE_SIGN_STYLE = Automatic;
				COMBINE_HIDPI_IMAGES = YES;
				INFOPLIST_FILE = keychaincracker/Info.plist;
				LD_RUNPATH_SEARCH_PATHS = (
					"$(inherited)",
					"@executable_path/../Frameworks",
				);
				PRODUCT_BUNDLE_IDENTIFIER = com.example.keychaincracker;
				PRODUCT_NAME = "$(TARGET_NAME)";
			};
			name = Debug;
		};
		9FDA22F226493F440065CE37 /* Release */ = {
			isa = XCBuildConfiguration;
			buildSettings = {
				ASSETCATALOG_COMPILER_APPICON_NAME = AppIcon;
				CODE_SIGN_ENTITLEMENTS = keychaincracker/keychaincracker.entitlements;
				CODE_SIGN_STYLE = Automatic;
				COMBINE_HIDPI_IMAGES = YES;
				INFOPLIST_FILE = keychaincracker/Info.plist;
				LD_RUNPATH_SEARCH_PATHS = (
					"$(inherited)",
					"@executable_path/../Frameworks",
				);
				PRODUCT_BUNDLE_IDENTIFIER = com.example.keychaincracker;
				PRODUCT_NAME = "$(TARGET_NAME)";
			};
			name = Release;
		};
		9FDA22F426493F440065CE37 /* Debug */ = {
			isa = XCBuildConfiguration;
			buildSettings = {
				BUNDLE_LOADER = "$(TEST_HOST)";
				CODE_SIGN_STYLE = Automatic;
				COMBINE_HIDPI_IMAGES = YES;
				INFOPLIST_FILE = keychaincrackerTests/Info.plist;
				LD_RUNPATH_SEARCH_PATHS = (
					"$(inherited)",
					"@executable_path/../Frameworks",
					"@loader_path/../Frameworks",
				);
				PRODUCT_BUNDLE_IDENTIFIER = com.example.keychaincrackerTests;
				PRODUCT_NAME = "$(TARGET_NAME)";
				TEST_HOST = "$(BUILT_PRODUCTS_DIR)/keychaincracker.app/Contents/MacOS/keychaincracker";
			};
			name = Debug;
		};
		9FDA22F526493F440065CE37 /* Release */ = {
			isa = XCBuildConfiguration;
			buildSettings = {
				BUNDLE_LOADER = "$(TEST_HOST)";
				CODE_SIGN_STYLE = Automatic;
				COMBINE_HIDPI_IMAGES = YES;
				INFOPLIST_FILE = keychaincrackerTests/Info.plist;
				LD_RUNPATH_SEARCH_PATHS = (
					"$(inherited)",
					"@executable_path/../Frameworks",
					"@loader_path/../Frameworks",
				);
				PRODUCT_BUNDLE_IDENTIFIER = com.example.keychaincrackerTests;
				PRODUCT_NAME = "$(TARGET_NAME)";
				TEST_HOST = "$(BUILT_PRODUCTS_DIR)/keychaincracker.app/Contents/MacOS/keychaincracker";
			};
			name = Release;
		};
		9FDA22F726493F440065CE37 /* Debug */ = {
			isa = XCBuildConfiguration;
			buildSettings = {
				CODE_SIGN_STYLE = Automatic;
				COMBINE_HIDPI_IMAGES = YES;
				INFOPLIST_FILE = keychaincrackerUITests/Info.plist;
				LD_RUNPATH_SEARCH_PATHS = (
					"$(inherited)",
					"@executable_path/../Frameworks",
					"@loader_path/../Frameworks",
				);
				PRODUCT_BUNDLE_IDENTIFIER = com.example.keychaincrackerUITests;
				PRODUCT_NAME = "$(TARGET_NAME)";
				TEST_TARGET_NAME = keychaincracker;
			};
			name = Debug;
		};
		9FDA22F826493F440065CE37 /* Release */ = {
			isa = XCBuildConfiguration;
			buildSettings = {
				CODE_SIGN_STYLE = Automatic;
				COMBINE_HIDPI_IMAGES = YES;
				INFOPLIST_FILE = keychaincrackerUITests/Info.plist;
				LD_RUNPATH_SEARCH_PATHS = (
					"$(inherited)",
					"@executable_path/../Frameworks",
					"@loader_path/../Frameworks",
				);
				PRODUCT_BUNDLE_IDENTIFIER = com.example.keychaincrackerUITests;
				PRODUCT_NAME = "$(TARGET_NAME)";
				TEST_TARGET_NAME = keychaincracker;
			};
			name = Release;
		};
/* End XCBuildConfiguration section */

/* Begin XCConfigurationList section */
		9FDA22C126493F420065CE37 /* Build configuration list for PBXProject "keychaincracker" */ = {
			isa = XCConfigurationList;
			buildConfigurations = (
				9FDA22EE26493F440065CE37 /* Debug */,
				9FDA22EF26493F440065CE37 /* Release */,
			);
			defaultConfigurationIsVisible = 0;
			defaultConfigurationName = Release;
		};
		9FDA22F026493F440065CE37 /* Build configuration list for PBXNativeTarget "keychaincracker" */ = {
			isa = XCConfigurationList;
			buildConfigurations = (
				9FDA22F126493F440065CE37 /* Debug */,
				9FDA22F226493F440065CE37 /* Release */,
			);
			defaultConfigurationIsVisible = 0;
			defaultConfigurationName = Release;
		};
		9FDA22F326493F440065CE37 /* Build configuration list for PBXNativeTarget "keychaincrackerTests" */ = {
			isa = XCConfigurationList;
			buildConfigurations = (
				9FDA22F426493F440065CE37 /* Debug */,
				9FDA22F526493F440065CE37 /* Release */,
			);
			defaultConfigurationIsVisible = 0;
			defaultConfigurationName = Release;
		};
		9FDA22F626493F440065CE37 /* Build configuration list for PBXNativeTarget "keychaincrackerUITests" */ = {
			isa = XCConfigurationList;
			buildConfigurations = (
				9FDA22F726493F440065CE37 /* Debug */,
				9FDA22F826493F440065CE37 /* Release */,
			);
			defaultConfigurationIsVisible = 0;
			defaultConfigurationName = Release;
		};
/* End XCConfigurationList section */
	};
	rootObject = 9FDA22BE26493F420065CE37 /* Project object */;
}
